
Microsoft Visual Studio Solution File, Format Version 12.00
# Visual Studio Version 16
VisualStudioVersion = 16.0.30114.105
MinimumVisualStudioVersion = 10.0.40219.1
Project("{FAE04EC0-301F-11D3-BF4B-00C04F79EFBC}") = "ProgramForSumExponentialNumbers", "ProgramForSumExponentialNumbers\ProgramForSumExponentialNumbers.csproj", "{CC13830C-825D-48C1-8777-F57DC20F5AB9}"
EndProject
Project("{9A19103F-16F7-4668-BE54-9A1E7A4F7556}") = "NUnitTestSumExponentialNumberProject", "NUnitTestSumExponentialNumberProject\NUnitTestSumExponentialNumberProject.csproj", "{3B209E53-0867-4E0F-ADCF-C322D678E190}"
EndProject
Project("{FAE04EC0-301F-11D3-BF4B-00C04F79EFBC}") = "ValidationCore", "ValidationCore\ValidationCore.csproj", "{595E423B-50EF-45E8-9E1D-11D9EE544B7D}"
EndProject
Global
	GlobalSection(SolutionConfigurationPlatforms) = preSolution
		Debug|Any CPU = Debug|Any CPU
		Release|Any CPU = Release|Any CPU
	EndGlobalSection
	GlobalSection(ProjectConfigurationPlatforms) = postSolution
		{CC13830C-825D-48C1-8777-F57DC20F5AB9}.Debug|Any CPU.ActiveCfg = Debug|Any CPU
		{CC13830C-825D-48C1-8777-F57DC20F5AB9}.Debug|Any CPU.Build.0 = Debug|Any CPU
		{CC13830C-825D-48C1-8777-F57DC20F5AB9}.Release|Any CPU.ActiveCfg = Release|Any CPU
		{CC13830C-825D-48C1-8777-F57DC20F5AB9}.Release|Any CPU.Build.0 = Release|Any CPU
		{3B209E53-0867-4E0F-ADCF-C322D678E190}.Debug|Any CPU.ActiveCfg = Debug|Any CPU
		{3B209E53-0867-4E0F-ADCF-C322D678E190}.Debug|Any CPU.Build.0 = Debug|Any CPU
		{3B209E53-0867-4E0F-ADCF-C322D678E190}.Release|Any CPU.ActiveCfg = Release|Any CPU
		{3B209E53-0867-4E0F-ADCF-C322D678E190}.Release|Any CPU.Build.0 = Release|Any CPU
		{595E423B-50EF-45E8-9E1D-11D9EE544B7D}.Debug|Any CPU.ActiveCfg = Debug|Any CPU
		{595E423B-50EF-45E8-9E1D-11D9EE544B7D}.Debug|Any CPU.Build.0 = Debug|Any CPU
		{595E423B-50EF-45E8-9E1D-11D9EE544B7D}.Release|Any CPU.ActiveCfg = Release|Any CPU
		{595E423B-50EF-45E8-9E1D-11D9EE544B7D}.Release|Any CPU.Build.0 = Release|Any CPU
	EndGlobalSection
	GlobalSection(SolutionProperties) = preSolution
		HideSolutionNode = FALSE
	EndGlobalSection
	GlobalSection(ExtensibilityGlobals) = postSolution
		SolutionGuid = {47337F14-B40E-4E54-A531-A76B25D7B873}
	EndGlobalSection
EndGlobal
